# This file is automatically @generated by Poetry 1.5.1 and should not be changed by hand.

[[package]]
name = "attrs"
version = "23.1.0"
description = "Classes Without Boilerplate"
optional = false
python-versions = ">=3.7"
files = [
    {file = "attrs-23.1.0-py3-none-any.whl", hash = "sha256:1f28b4522cdc2fb4256ac1a020c78acf9cba2c6b461ccd2c126f3aa8e8335d04"},
    {file = "attrs-23.1.0.tar.gz", hash = "sha256:6279836d581513a26f1bf235f9acd333bc9115683f14f7e8fae46c98fc50e015"},
]

[package.extras]
cov = ["attrs[tests]", "coverage[toml] (>=5.3)"]
dev = ["attrs[docs,tests]", "pre-commit"]
docs = ["furo", "myst-parser", "sphinx", "sphinx-notfound-page", "sphinxcontrib-towncrier", "towncrier", "zope-interface"]
tests = ["attrs[tests-no-zope]", "zope-interface"]
tests-no-zope = ["cloudpickle", "hypothesis", "mypy (>=1.1.1)", "pympler", "pytest (>=4.3.0)", "pytest-mypy-plugins", "pytest-xdist[psutil]"]

[[package]]
name = "click"
version = "8.1.7"
description = "Composable command line interface toolkit"
optional = false
python-versions = ">=3.7"
files = [
    {file = "click-8.1.7-py3-none-any.whl", hash = "sha256:ae74fb96c20a0277a1d615f1e4d73c8414f5a98db8b799a7931d1582f3390c28"},
    {file = "click-8.1.7.tar.gz", hash = "sha256:ca9853ad459e787e2192211578cc907e7594e294c7ccc834310722b41b9ca6de"},
]

[package.dependencies]
colorama = {version = "*", markers = "platform_system == \"Windows\""}

[[package]]
name = "colorama"
version = "0.4.6"
description = "Cross-platform colored terminal text."
optional = false
python-versions = "!=3.0.*,!=3.1.*,!=3.2.*,!=3.3.*,!=3.4.*,!=3.5.*,!=3.6.*,>=2.7"
files = [
    {file = "colorama-0.4.6-py2.py3-none-any.whl", hash = "sha256:4f1d9991f5acc0ca119f9d443620b77f9d6b33703e51011c16baf57afb285fc6"},
    {file = "colorama-0.4.6.tar.gz", hash = "sha256:08695f5cb7ed6e0531a20572697297273c47b8cae5a63ffc6d6ed5c201be6e44"},
]

[[package]]
name = "jsonschema"
version = "4.19.0"
description = "An implementation of JSON Schema validation for Python"
optional = false
python-versions = ">=3.8"
files = [
    {file = "jsonschema-4.19.0-py3-none-any.whl", hash = "sha256:043dc26a3845ff09d20e4420d6012a9c91c9aa8999fa184e7efcfeccb41e32cb"},
    {file = "jsonschema-4.19.0.tar.gz", hash = "sha256:6e1e7569ac13be8139b2dd2c21a55d350066ee3f80df06c608b398cdc6f30e8f"},
]

[package.dependencies]
attrs = ">=22.2.0"
jsonschema-specifications = ">=2023.03.6"
referencing = ">=0.28.4"
rpds-py = ">=0.7.1"

[package.extras]
format = ["fqdn", "idna", "isoduration", "jsonpointer (>1.13)", "rfc3339-validator", "rfc3987", "uri-template", "webcolors (>=1.11)"]
format-nongpl = ["fqdn", "idna", "isoduration", "jsonpointer (>1.13)", "rfc3339-validator", "rfc3986-validator (>0.1.0)", "uri-template", "webcolors (>=1.11)"]

[[package]]
name = "jsonschema-specifications"
version = "2023.7.1"
description = "The JSON Schema meta-schemas and vocabularies, exposed as a Registry"
optional = false
python-versions = ">=3.8"
files = [
    {file = "jsonschema_specifications-2023.7.1-py3-none-any.whl", hash = "sha256:05adf340b659828a004220a9613be00fa3f223f2b82002e273dee62fd50524b1"},
    {file = "jsonschema_specifications-2023.7.1.tar.gz", hash = "sha256:c91a50404e88a1f6ba40636778e2ee08f6e24c5613fe4c53ac24578a5a7f72bb"},
]

[package.dependencies]
referencing = ">=0.28.0"

[[package]]
name = "pyelftools"
version = "0.29"
description = "Library for analyzing ELF files and DWARF debugging information"
optional = false
python-versions = "*"
files = [
    {file = "pyelftools-0.29-py2.py3-none-any.whl", hash = "sha256:519f38cf412f073b2d7393aa4682b0190fa901f7c3fa0bff2b82d537690c7fc1"},
    {file = "pyelftools-0.29.tar.gz", hash = "sha256:ec761596aafa16e282a31de188737e5485552469ac63b60cfcccf22263fd24ff"},
]

[[package]]
name = "pyparsing"
version = "3.1.1"
description = "pyparsing module - Classes and methods to define and execute parsing grammars"
optional = false
python-versions = ">=3.6.8"
files = [
    {file = "pyparsing-3.1.1-py3-none-any.whl", hash = "sha256:32c7c0b711493c72ff18a981d24f28aaf9c1fb7ed5e9667c9e84e3db623bdbfb"},
    {file = "pyparsing-3.1.1.tar.gz", hash = "sha256:ede28a1a32462f5a9705e07aea48001a08f7cf81a021585011deba701581a0db"},
]

[package.extras]
diagrams = ["jinja2", "railroad-diagrams"]

[[package]]
name = "referencing"
version = "0.30.2"
description = "JSON Referencing + Python"
optional = false
python-versions = ">=3.8"
files = [
    {file = "referencing-0.30.2-py3-none-any.whl", hash = "sha256:449b6669b6121a9e96a7f9e410b245d471e8d48964c67113ce9afe50c8dd7bdf"},
    {file = "referencing-0.30.2.tar.gz", hash = "sha256:794ad8003c65938edcdbc027f1933215e0d0ccc0291e3ce20a4d87432b59efc0"},
]

[package.dependencies]
attrs = ">=22.2.0"
rpds-py = ">=0.7.0"

[[package]]
name = "rpds-py"
version = "0.9.2"
description = "Python bindings to Rust's persistent data structures (rpds)"
optional = false
python-versions = ">=3.8"
files = [
    {file = "rpds_py-0.9.2-cp310-cp310-macosx_10_7_x86_64.whl", hash = "sha256:ab6919a09c055c9b092798ce18c6c4adf49d24d4d9e43a92b257e3f2548231e7"},
    {file = "rpds_py-0.9.2-cp310-cp310-macosx_11_0_arm64.whl", hash = "sha256:d55777a80f78dd09410bd84ff8c95ee05519f41113b2df90a69622f5540c4f8b"},
    {file = "rpds_py-0.9.2-cp310-cp310-manylinux_2_17_aarch64.manylinux2014_aarch64.whl", hash = "sha256:a216b26e5af0a8e265d4efd65d3bcec5fba6b26909014effe20cd302fd1138fa"},
    {file = "rpds_py-0.9.2-cp310-cp310-manylinux_2_17_armv7l.manylinux2014_armv7l.whl", hash = "sha256:29cd8bfb2d716366a035913ced99188a79b623a3512292963d84d3e06e63b496"},
    {file = "rpds_py-0.9.2-cp310-cp310-manylinux_2_17_ppc64le.manylinux2014_ppc64le.whl", hash = "sha256:44659b1f326214950a8204a248ca6199535e73a694be8d3e0e869f820767f12f"},
    {file = "rpds_py-0.9.2-cp310-cp310-manylinux_2_17_s390x.manylinux2014_s390x.whl", hash = "sha256:745f5a43fdd7d6d25a53ab1a99979e7f8ea419dfefebcab0a5a1e9095490ee5e"},
    {file = "rpds_py-0.9.2-cp310-cp310-manylinux_2_17_x86_64.manylinux2014_x86_64.whl", hash = "sha256:a987578ac5214f18b99d1f2a3851cba5b09f4a689818a106c23dbad0dfeb760f"},
    {file = "rpds_py-0.9.2-cp310-cp310-manylinux_2_5_i686.manylinux1_i686.whl", hash = "sha256:bf4151acb541b6e895354f6ff9ac06995ad9e4175cbc6d30aaed08856558201f"},
    {file = "rpds_py-0.9.2-cp310-cp310-musllinux_1_2_aarch64.whl", hash = "sha256:03421628f0dc10a4119d714a17f646e2837126a25ac7a256bdf7c3943400f67f"},
    {file = "rpds_py-0.9.2-cp310-cp310-musllinux_1_2_i686.whl", hash = "sha256:13b602dc3e8dff3063734f02dcf05111e887f301fdda74151a93dbbc249930fe"},
    {file = "rpds_py-0.9.2-cp310-cp310-musllinux_1_2_x86_64.whl", hash = "sha256:fae5cb554b604b3f9e2c608241b5d8d303e410d7dfb6d397c335f983495ce7f6"},
    {file = "rpds_py-0.9.2-cp310-none-win32.whl", hash = "sha256:47c5f58a8e0c2c920cc7783113df2fc4ff12bf3a411d985012f145e9242a2764"},
    {file = "rpds_py-0.9.2-cp310-none-win_amd64.whl", hash = "sha256:4ea6b73c22d8182dff91155af018b11aac9ff7eca085750455c5990cb1cfae6e"},
    {file = "rpds_py-0.9.2-cp311-cp311-macosx_10_7_x86_64.whl", hash = "sha256:e564d2238512c5ef5e9d79338ab77f1cbbda6c2d541ad41b2af445fb200385e3"},
    {file = "rpds_py-0.9.2-cp311-cp311-macosx_11_0_arm64.whl", hash = "sha256:f411330a6376fb50e5b7a3e66894e4a39e60ca2e17dce258d53768fea06a37bd"},
    {file = "rpds_py-0.9.2-cp311-cp311-manylinux_2_17_aarch64.manylinux2014_aarch64.whl", hash = "sha256:0e7521f5af0233e89939ad626b15278c71b69dc1dfccaa7b97bd4cdf96536bb7"},
    {file = "rpds_py-0.9.2-cp311-cp311-manylinux_2_17_armv7l.manylinux2014_armv7l.whl", hash = "sha256:8d3335c03100a073883857e91db9f2e0ef8a1cf42dc0369cbb9151c149dbbc1b"},
    {file = "rpds_py-0.9.2-cp311-cp311-manylinux_2_17_ppc64le.manylinux2014_ppc64le.whl", hash = "sha256:d25b1c1096ef0447355f7293fbe9ad740f7c47ae032c2884113f8e87660d8f6e"},
    {file = "rpds_py-0.9.2-cp311-cp311-manylinux_2_17_s390x.manylinux2014_s390x.whl", hash = "sha256:6a5d3fbd02efd9cf6a8ffc2f17b53a33542f6b154e88dd7b42ef4a4c0700fdad"},
    {file = "rpds_py-0.9.2-cp311-cp311-manylinux_2_17_x86_64.manylinux2014_x86_64.whl", hash = "sha256:c5934e2833afeaf36bd1eadb57256239785f5af0220ed8d21c2896ec4d3a765f"},
    {file = "rpds_py-0.9.2-cp311-cp311-manylinux_2_5_i686.manylinux1_i686.whl", hash = "sha256:095b460e117685867d45548fbd8598a8d9999227e9061ee7f012d9d264e6048d"},
    {file = "rpds_py-0.9.2-cp311-cp311-musllinux_1_2_aarch64.whl", hash = "sha256:91378d9f4151adc223d584489591dbb79f78814c0734a7c3bfa9c9e09978121c"},
    {file = "rpds_py-0.9.2-cp311-cp311-musllinux_1_2_i686.whl", hash = "sha256:24a81c177379300220e907e9b864107614b144f6c2a15ed5c3450e19cf536fae"},
    {file = "rpds_py-0.9.2-cp311-cp311-musllinux_1_2_x86_64.whl", hash = "sha256:de0b6eceb46141984671802d412568d22c6bacc9b230174f9e55fc72ef4f57de"},
    {file = "rpds_py-0.9.2-cp311-none-win32.whl", hash = "sha256:700375326ed641f3d9d32060a91513ad668bcb7e2cffb18415c399acb25de2ab"},
    {file = "rpds_py-0.9.2-cp311-none-win_amd64.whl", hash = "sha256:0766babfcf941db8607bdaf82569ec38107dbb03c7f0b72604a0b346b6eb3298"},
    {file = "rpds_py-0.9.2-cp312-cp312-macosx_10_7_x86_64.whl", hash = "sha256:b1440c291db3f98a914e1afd9d6541e8fc60b4c3aab1a9008d03da4651e67386"},
    {file = "rpds_py-0.9.2-cp312-cp312-macosx_11_0_arm64.whl", hash = "sha256:0f2996fbac8e0b77fd67102becb9229986396e051f33dbceada3debaacc7033f"},
    {file = "rpds_py-0.9.2-cp312-cp312-manylinux_2_17_aarch64.manylinux2014_aarch64.whl", hash = "sha256:9f30d205755566a25f2ae0382944fcae2f350500ae4df4e795efa9e850821d82"},
    {file = "rpds_py-0.9.2-cp312-cp312-manylinux_2_17_armv7l.manylinux2014_armv7l.whl", hash = "sha256:159fba751a1e6b1c69244e23ba6c28f879a8758a3e992ed056d86d74a194a0f3"},
    {file = "rpds_py-0.9.2-cp312-cp312-manylinux_2_17_ppc64le.manylinux2014_ppc64le.whl", hash = "sha256:a1f044792e1adcea82468a72310c66a7f08728d72a244730d14880cd1dabe36b"},
    {file = "rpds_py-0.9.2-cp312-cp312-manylinux_2_17_s390x.manylinux2014_s390x.whl", hash = "sha256:9251eb8aa82e6cf88510530b29eef4fac825a2b709baf5b94a6094894f252387"},
    {file = "rpds_py-0.9.2-cp312-cp312-manylinux_2_17_x86_64.manylinux2014_x86_64.whl", hash = "sha256:01899794b654e616c8625b194ddd1e5b51ef5b60ed61baa7a2d9c2ad7b2a4238"},
    {file = "rpds_py-0.9.2-cp312-cp312-manylinux_2_5_i686.manylinux1_i686.whl", hash = "sha256:b0c43f8ae8f6be1d605b0465671124aa8d6a0e40f1fb81dcea28b7e3d87ca1e1"},
    {file = "rpds_py-0.9.2-cp312-cp312-musllinux_1_2_aarch64.whl", hash = "sha256:207f57c402d1f8712618f737356e4b6f35253b6d20a324d9a47cb9f38ee43a6b"},
    {file = "rpds_py-0.9.2-cp312-cp312-musllinux_1_2_i686.whl", hash = "sha256:b52e7c5ae35b00566d244ffefba0f46bb6bec749a50412acf42b1c3f402e2c90"},
    {file = "rpds_py-0.9.2-cp312-cp312-musllinux_1_2_x86_64.whl", hash = "sha256:978fa96dbb005d599ec4fd9ed301b1cc45f1a8f7982d4793faf20b404b56677d"},
    {file = "rpds_py-0.9.2-cp38-cp38-macosx_10_7_x86_64.whl", hash = "sha256:6aa8326a4a608e1c28da191edd7c924dff445251b94653988efb059b16577a4d"},
    {file = "rpds_py-0.9.2-cp38-cp38-macosx_11_0_arm64.whl", hash = "sha256:aad51239bee6bff6823bbbdc8ad85136c6125542bbc609e035ab98ca1e32a192"},
    {file = "rpds_py-0.9.2-cp38-cp38-manylinux_2_17_aarch64.manylinux2014_aarch64.whl", hash = "sha256:4bd4dc3602370679c2dfb818d9c97b1137d4dd412230cfecd3c66a1bf388a196"},
    {file = "rpds_py-0.9.2-cp38-cp38-manylinux_2_17_armv7l.manylinux2014_armv7l.whl", hash = "sha256:dd9da77c6ec1f258387957b754f0df60766ac23ed698b61941ba9acccd3284d1"},
    {file = "rpds_py-0.9.2-cp38-cp38-manylinux_2_17_ppc64le.manylinux2014_ppc64le.whl", hash = "sha256:190ca6f55042ea4649ed19c9093a9be9d63cd8a97880106747d7147f88a49d18"},
    {file = "rpds_py-0.9.2-cp38-cp38-manylinux_2_17_s390x.manylinux2014_s390x.whl", hash = "sha256:876bf9ed62323bc7dcfc261dbc5572c996ef26fe6406b0ff985cbcf460fc8a4c"},
    {file = "rpds_py-0.9.2-cp38-cp38-manylinux_2_17_x86_64.manylinux2014_x86_64.whl", hash = "sha256:fa2818759aba55df50592ecbc95ebcdc99917fa7b55cc6796235b04193eb3c55"},
    {file = "rpds_py-0.9.2-cp38-cp38-manylinux_2_5_i686.manylinux1_i686.whl", hash = "sha256:9ea4d00850ef1e917815e59b078ecb338f6a8efda23369677c54a5825dbebb55"},
    {file = "rpds_py-0.9.2-cp38-cp38-musllinux_1_2_aarch64.whl", hash = "sha256:5855c85eb8b8a968a74dc7fb014c9166a05e7e7a8377fb91d78512900aadd13d"},
    {file = "rpds_py-0.9.2-cp38-cp38-musllinux_1_2_i686.whl", hash = "sha256:14c408e9d1a80dcb45c05a5149e5961aadb912fff42ca1dd9b68c0044904eb32"},
    {file = "rpds_py-0.9.2-cp38-cp38-musllinux_1_2_x86_64.whl", hash = "sha256:65a0583c43d9f22cb2130c7b110e695fff834fd5e832a776a107197e59a1898e"},
    {file = "rpds_py-0.9.2-cp38-none-win32.whl", hash = "sha256:71f2f7715935a61fa3e4ae91d91b67e571aeb5cb5d10331ab681256bda2ad920"},
    {file = "rpds_py-0.9.2-cp38-none-win_amd64.whl", hash = "sha256:674c704605092e3ebbbd13687b09c9f78c362a4bc710343efe37a91457123044"},
    {file = "rpds_py-0.9.2-cp39-cp39-macosx_10_7_x86_64.whl", hash = "sha256:07e2c54bef6838fa44c48dfbc8234e8e2466d851124b551fc4e07a1cfeb37260"},
    {file = "rpds_py-0.9.2-cp39-cp39-macosx_11_0_arm64.whl", hash = "sha256:f7fdf55283ad38c33e35e2855565361f4bf0abd02470b8ab28d499c663bc5d7c"},
    {file = "rpds_py-0.9.2-cp39-cp39-manylinux_2_17_aarch64.manylinux2014_aarch64.whl", hash = "sha256:890ba852c16ace6ed9f90e8670f2c1c178d96510a21b06d2fa12d8783a905193"},
    {file = "rpds_py-0.9.2-cp39-cp39-manylinux_2_17_armv7l.manylinux2014_armv7l.whl", hash = "sha256:50025635ba8b629a86d9d5474e650da304cb46bbb4d18690532dd79341467846"},
    {file = "rpds_py-0.9.2-cp39-cp39-manylinux_2_17_ppc64le.manylinux2014_ppc64le.whl", hash = "sha256:517cbf6e67ae3623c5127206489d69eb2bdb27239a3c3cc559350ef52a3bbf0b"},
    {file = "rpds_py-0.9.2-cp39-cp39-manylinux_2_17_s390x.manylinux2014_s390x.whl", hash = "sha256:0836d71ca19071090d524739420a61580f3f894618d10b666cf3d9a1688355b1"},
    {file = "rpds_py-0.9.2-cp39-cp39-manylinux_2_17_x86_64.manylinux2014_x86_64.whl", hash = "sha256:9c439fd54b2b9053717cca3de9583be6584b384d88d045f97d409f0ca867d80f"},
    {file = "rpds_py-0.9.2-cp39-cp39-manylinux_2_5_i686.manylinux1_i686.whl", hash = "sha256:f68996a3b3dc9335037f82754f9cdbe3a95db42bde571d8c3be26cc6245f2324"},
    {file = "rpds_py-0.9.2-cp39-cp39-musllinux_1_2_aarch64.whl", hash = "sha256:7d68dc8acded354c972116f59b5eb2e5864432948e098c19fe6994926d8e15c3"},
    {file = "rpds_py-0.9.2-cp39-cp39-musllinux_1_2_i686.whl", hash = "sha256:f963c6b1218b96db85fc37a9f0851eaf8b9040aa46dec112611697a7023da535"},
    {file = "rpds_py-0.9.2-cp39-cp39-musllinux_1_2_x86_64.whl", hash = "sha256:5a46859d7f947061b4010e554ccd1791467d1b1759f2dc2ec9055fa239f1bc26"},
    {file = "rpds_py-0.9.2-cp39-none-win32.whl", hash = "sha256:e07e5dbf8a83c66783a9fe2d4566968ea8c161199680e8ad38d53e075df5f0d0"},
    {file = "rpds_py-0.9.2-cp39-none-win_amd64.whl", hash = "sha256:682726178138ea45a0766907957b60f3a1bf3acdf212436be9733f28b6c5af3c"},
    {file = "rpds_py-0.9.2-pp310-pypy310_pp73-macosx_10_7_x86_64.whl", hash = "sha256:196cb208825a8b9c8fc360dc0f87993b8b260038615230242bf18ec84447c08d"},
    {file = "rpds_py-0.9.2-pp310-pypy310_pp73-macosx_11_0_arm64.whl", hash = "sha256:c7671d45530fcb6d5e22fd40c97e1e1e01965fc298cbda523bb640f3d923b387"},
    {file = "rpds_py-0.9.2-pp310-pypy310_pp73-manylinux_2_17_aarch64.manylinux2014_aarch64.whl", hash = "sha256:83b32f0940adec65099f3b1c215ef7f1d025d13ff947975a055989cb7fd019a4"},
    {file = "rpds_py-0.9.2-pp310-pypy310_pp73-manylinux_2_17_armv7l.manylinux2014_armv7l.whl", hash = "sha256:7f67da97f5b9eac838b6980fc6da268622e91f8960e083a34533ca710bec8611"},
    {file = "rpds_py-0.9.2-pp310-pypy310_pp73-manylinux_2_17_ppc64le.manylinux2014_ppc64le.whl", hash = "sha256:03975db5f103997904c37e804e5f340c8fdabbb5883f26ee50a255d664eed58c"},
    {file = "rpds_py-0.9.2-pp310-pypy310_pp73-manylinux_2_17_s390x.manylinux2014_s390x.whl", hash = "sha256:987b06d1cdb28f88a42e4fb8a87f094e43f3c435ed8e486533aea0bf2e53d931"},
    {file = "rpds_py-0.9.2-pp310-pypy310_pp73-manylinux_2_17_x86_64.manylinux2014_x86_64.whl", hash = "sha256:c861a7e4aef15ff91233751619ce3a3d2b9e5877e0fcd76f9ea4f6847183aa16"},
    {file = "rpds_py-0.9.2-pp310-pypy310_pp73-manylinux_2_5_i686.manylinux1_i686.whl", hash = "sha256:02938432352359805b6da099c9c95c8a0547fe4b274ce8f1a91677401bb9a45f"},
    {file = "rpds_py-0.9.2-pp310-pypy310_pp73-musllinux_1_2_aarch64.whl", hash = "sha256:ef1f08f2a924837e112cba2953e15aacfccbbfcd773b4b9b4723f8f2ddded08e"},
    {file = "rpds_py-0.9.2-pp310-pypy310_pp73-musllinux_1_2_i686.whl", hash = "sha256:35da5cc5cb37c04c4ee03128ad59b8c3941a1e5cd398d78c37f716f32a9b7f67"},
    {file = "rpds_py-0.9.2-pp310-pypy310_pp73-musllinux_1_2_x86_64.whl", hash = "sha256:141acb9d4ccc04e704e5992d35472f78c35af047fa0cfae2923835d153f091be"},
    {file = "rpds_py-0.9.2-pp38-pypy38_pp73-macosx_10_7_x86_64.whl", hash = "sha256:79f594919d2c1a0cc17d1988a6adaf9a2f000d2e1048f71f298b056b1018e872"},
    {file = "rpds_py-0.9.2-pp38-pypy38_pp73-macosx_11_0_arm64.whl", hash = "sha256:a06418fe1155e72e16dddc68bb3780ae44cebb2912fbd8bb6ff9161de56e1798"},
    {file = "rpds_py-0.9.2-pp38-pypy38_pp73-manylinux_2_17_aarch64.manylinux2014_aarch64.whl", hash = "sha256:8b2eb034c94b0b96d5eddb290b7b5198460e2d5d0c421751713953a9c4e47d10"},
    {file = "rpds_py-0.9.2-pp38-pypy38_pp73-manylinux_2_17_armv7l.manylinux2014_armv7l.whl", hash = "sha256:8b08605d248b974eb02f40bdcd1a35d3924c83a2a5e8f5d0fa5af852c4d960af"},
    {file = "rpds_py-0.9.2-pp38-pypy38_pp73-manylinux_2_17_ppc64le.manylinux2014_ppc64le.whl", hash = "sha256:a0805911caedfe2736935250be5008b261f10a729a303f676d3d5fea6900c96a"},
    {file = "rpds_py-0.9.2-pp38-pypy38_pp73-manylinux_2_17_s390x.manylinux2014_s390x.whl", hash = "sha256:ab2299e3f92aa5417d5e16bb45bb4586171c1327568f638e8453c9f8d9e0f020"},
    {file = "rpds_py-0.9.2-pp38-pypy38_pp73-manylinux_2_17_x86_64.manylinux2014_x86_64.whl", hash = "sha256:8c8d7594e38cf98d8a7df25b440f684b510cf4627fe038c297a87496d10a174f"},
    {file = "rpds_py-0.9.2-pp38-pypy38_pp73-manylinux_2_5_i686.manylinux1_i686.whl", hash = "sha256:8b9ec12ad5f0a4625db34db7e0005be2632c1013b253a4a60e8302ad4d462afd"},
    {file = "rpds_py-0.9.2-pp38-pypy38_pp73-musllinux_1_2_aarch64.whl", hash = "sha256:1fcdee18fea97238ed17ab6478c66b2095e4ae7177e35fb71fbe561a27adf620"},
    {file = "rpds_py-0.9.2-pp38-pypy38_pp73-musllinux_1_2_i686.whl", hash = "sha256:933a7d5cd4b84f959aedeb84f2030f0a01d63ae6cf256629af3081cf3e3426e8"},
    {file = "rpds_py-0.9.2-pp38-pypy38_pp73-musllinux_1_2_x86_64.whl", hash = "sha256:686ba516e02db6d6f8c279d1641f7067ebb5dc58b1d0536c4aaebb7bf01cdc5d"},
    {file = "rpds_py-0.9.2-pp39-pypy39_pp73-macosx_10_7_x86_64.whl", hash = "sha256:0173c0444bec0a3d7d848eaeca2d8bd32a1b43f3d3fde6617aac3731fa4be05f"},
    {file = "rpds_py-0.9.2-pp39-pypy39_pp73-macosx_11_0_arm64.whl", hash = "sha256:d576c3ef8c7b2d560e301eb33891d1944d965a4d7a2eacb6332eee8a71827db6"},
    {file = "rpds_py-0.9.2-pp39-pypy39_pp73-manylinux_2_17_aarch64.manylinux2014_aarch64.whl", hash = "sha256:ed89861ee8c8c47d6beb742a602f912b1bb64f598b1e2f3d758948721d44d468"},
    {file = "rpds_py-0.9.2-pp39-pypy39_pp73-manylinux_2_17_armv7l.manylinux2014_armv7l.whl", hash = "sha256:1054a08e818f8e18910f1bee731583fe8f899b0a0a5044c6e680ceea34f93876"},
    {file = "rpds_py-0.9.2-pp39-pypy39_pp73-manylinux_2_17_ppc64le.manylinux2014_ppc64le.whl", hash = "sha256:99e7c4bb27ff1aab90dcc3e9d37ee5af0231ed98d99cb6f5250de28889a3d502"},
    {file = "rpds_py-0.9.2-pp39-pypy39_pp73-manylinux_2_17_s390x.manylinux2014_s390x.whl", hash = "sha256:c545d9d14d47be716495076b659db179206e3fd997769bc01e2d550eeb685596"},
    {file = "rpds_py-0.9.2-pp39-pypy39_pp73-manylinux_2_17_x86_64.manylinux2014_x86_64.whl", hash = "sha256:9039a11bca3c41be5a58282ed81ae422fa680409022b996032a43badef2a3752"},
    {file = "rpds_py-0.9.2-pp39-pypy39_pp73-manylinux_2_5_i686.manylinux1_i686.whl", hash = "sha256:fb39aca7a64ad0c9490adfa719dbeeb87d13be137ca189d2564e596f8ba32c07"},
    {file = "rpds_py-0.9.2-pp39-pypy39_pp73-musllinux_1_2_aarch64.whl", hash = "sha256:2d8b3b3a2ce0eaa00c5bbbb60b6713e94e7e0becab7b3db6c5c77f979e8ed1f1"},
    {file = "rpds_py-0.9.2-pp39-pypy39_pp73-musllinux_1_2_i686.whl", hash = "sha256:99b1c16f732b3a9971406fbfe18468592c5a3529585a45a35adbc1389a529a03"},
    {file = "rpds_py-0.9.2-pp39-pypy39_pp73-musllinux_1_2_x86_64.whl", hash = "sha256:c27ee01a6c3223025f4badd533bea5e87c988cb0ba2811b690395dfe16088cfe"},
    {file = "rpds_py-0.9.2.tar.gz", hash = "sha256:8d70e8f14900f2657c249ea4def963bed86a29b81f81f5b76b5a9215680de945"},
]

[[package]]
name = "ruamel-yaml"
version = "0.17.32"
description = "ruamel.yaml is a YAML parser/emitter that supports roundtrip preservation of comments, seq/map flow style, and map key order"
optional = false
python-versions = ">=3"
files = [
    {file = "ruamel.yaml-0.17.32-py3-none-any.whl", hash = "sha256:23cd2ed620231677564646b0c6a89d138b6822a0d78656df7abda5879ec4f447"},
    {file = "ruamel.yaml-0.17.32.tar.gz", hash = "sha256:ec939063761914e14542972a5cba6d33c23b0859ab6342f61cf070cfc600efc2"},
]

[package.dependencies]
"ruamel.yaml.clib" = {version = ">=0.2.7", markers = "platform_python_implementation == \"CPython\" and python_version < \"3.12\""}

[package.extras]
docs = ["ryd"]
jinja2 = ["ruamel.yaml.jinja2 (>=0.2)"]

[[package]]
name = "ruamel-yaml-clib"
version = "0.2.7"
description = "C version of reader, parser and emitter for ruamel.yaml derived from libyaml"
optional = false
python-versions = ">=3.5"
files = [
    {file = "ruamel.yaml.clib-0.2.7-cp310-cp310-macosx_10_9_universal2.whl", hash = "sha256:d5859983f26d8cd7bb5c287ef452e8aacc86501487634573d260968f753e1d71"},
    {file = "ruamel.yaml.clib-0.2.7-cp310-cp310-macosx_12_0_arm64.whl", hash = "sha256:debc87a9516b237d0466a711b18b6ebeb17ba9f391eb7f91c649c5c4ec5006c7"},
    {file = "ruamel.yaml.clib-0.2.7-cp310-cp310-manylinux2014_aarch64.whl", hash = "sha256:df5828871e6648db72d1c19b4bd24819b80a755c4541d3409f0f7acd0f335c80"},
    {file = "ruamel.yaml.clib-0.2.7-cp310-cp310-manylinux_2_17_x86_64.manylinux2014_x86_64.manylinux_2_24_x86_64.whl", hash = "sha256:efa08d63ef03d079dcae1dfe334f6c8847ba8b645d08df286358b1f5293d24ab"},
    {file = "ruamel.yaml.clib-0.2.7-cp310-cp310-win32.whl", hash = "sha256:763d65baa3b952479c4e972669f679fe490eee058d5aa85da483ebae2009d231"},
    {file = "ruamel.yaml.clib-0.2.7-cp310-cp310-win_amd64.whl", hash = "sha256:d000f258cf42fec2b1bbf2863c61d7b8918d31ffee905da62dede869254d3b8a"},
    {file = "ruamel.yaml.clib-0.2.7-cp311-cp311-macosx_10_9_universal2.whl", hash = "sha256:045e0626baf1c52e5527bd5db361bc83180faaba2ff586e763d3d5982a876a9e"},
    {file = "ruamel.yaml.clib-0.2.7-cp311-cp311-macosx_13_0_arm64.whl", hash = "sha256:1a6391a7cabb7641c32517539ca42cf84b87b667bad38b78d4d42dd23e957c81"},
    {file = "ruamel.yaml.clib-0.2.7-cp311-cp311-manylinux2014_aarch64.whl", hash = "sha256:9c7617df90c1365638916b98cdd9be833d31d337dbcd722485597b43c4a215bf"},
    {file = "ruamel.yaml.clib-0.2.7-cp311-cp311-manylinux_2_17_x86_64.manylinux2014_x86_64.manylinux_2_24_x86_64.whl", hash = "sha256:41d0f1fa4c6830176eef5b276af04c89320ea616655d01327d5ce65e50575c94"},
    {file = "ruamel.yaml.clib-0.2.7-cp311-cp311-win32.whl", hash = "sha256:f6d3d39611ac2e4f62c3128a9eed45f19a6608670c5a2f4f07f24e8de3441d38"},
    {file = "ruamel.yaml.clib-0.2.7-cp311-cp311-win_amd64.whl", hash = "sha256:da538167284de58a52109a9b89b8f6a53ff8437dd6dc26d33b57bf6699153122"},
    {file = "ruamel.yaml.clib-0.2.7-cp36-cp36m-macosx_10_9_x86_64.whl", hash = "sha256:4b3a93bb9bc662fc1f99c5c3ea8e623d8b23ad22f861eb6fce9377ac07ad6072"},
    {file = "ruamel.yaml.clib-0.2.7-cp36-cp36m-macosx_12_0_arm64.whl", hash = "sha256:a234a20ae07e8469da311e182e70ef6b199d0fbeb6c6cc2901204dd87fb867e8"},
    {file = "ruamel.yaml.clib-0.2.7-cp36-cp36m-manylinux2014_aarch64.whl", hash = "sha256:15910ef4f3e537eea7fe45f8a5d19997479940d9196f357152a09031c5be59f3"},
    {file = "ruamel.yaml.clib-0.2.7-cp36-cp36m-manylinux_2_17_x86_64.manylinux2014_x86_64.manylinux_2_24_x86_64.whl", hash = "sha256:370445fd795706fd291ab00c9df38a0caed0f17a6fb46b0f607668ecb16ce763"},
    {file = "ruamel.yaml.clib-0.2.7-cp36-cp36m-win32.whl", hash = "sha256:ecdf1a604009bd35c674b9225a8fa609e0282d9b896c03dd441a91e5f53b534e"},
    {file = "ruamel.yaml.clib-0.2.7-cp36-cp36m-win_amd64.whl", hash = "sha256:f34019dced51047d6f70cb9383b2ae2853b7fc4dce65129a5acd49f4f9256646"},
    {file = "ruamel.yaml.clib-0.2.7-cp37-cp37m-macosx_10_9_x86_64.whl", hash = "sha256:2aa261c29a5545adfef9296b7e33941f46aa5bbd21164228e833412af4c9c75f"},
    {file = "ruamel.yaml.clib-0.2.7-cp37-cp37m-macosx_12_0_arm64.whl", hash = "sha256:f01da5790e95815eb5a8a138508c01c758e5f5bc0ce4286c4f7028b8dd7ac3d0"},
    {file = "ruamel.yaml.clib-0.2.7-cp37-cp37m-manylinux2014_aarch64.whl", hash = "sha256:40d030e2329ce5286d6b231b8726959ebbe0404c92f0a578c0e2482182e38282"},
    {file = "ruamel.yaml.clib-0.2.7-cp37-cp37m-manylinux_2_17_x86_64.manylinux2014_x86_64.manylinux_2_24_x86_64.whl", hash = "sha256:c3ca1fbba4ae962521e5eb66d72998b51f0f4d0f608d3c0347a48e1af262efa7"},
    {file = "ruamel.yaml.clib-0.2.7-cp37-cp37m-win32.whl", hash = "sha256:7bdb4c06b063f6fd55e472e201317a3bb6cdeeee5d5a38512ea5c01e1acbdd93"},
    {file = "ruamel.yaml.clib-0.2.7-cp37-cp37m-win_amd64.whl", hash = "sha256:be2a7ad8fd8f7442b24323d24ba0b56c51219513cfa45b9ada3b87b76c374d4b"},
    {file = "ruamel.yaml.clib-0.2.7-cp38-cp38-macosx_10_9_x86_64.whl", hash = "sha256:91a789b4aa0097b78c93e3dc4b40040ba55bef518f84a40d4442f713b4094acb"},
    {file = "ruamel.yaml.clib-0.2.7-cp38-cp38-macosx_12_0_arm64.whl", hash = "sha256:99e77daab5d13a48a4054803d052ff40780278240a902b880dd37a51ba01a307"},
    {file = "ruamel.yaml.clib-0.2.7-cp38-cp38-manylinux2014_aarch64.whl", hash = "sha256:3243f48ecd450eddadc2d11b5feb08aca941b5cd98c9b1db14b2fd128be8c697"},
    {file = "ruamel.yaml.clib-0.2.7-cp38-cp38-manylinux_2_17_x86_64.manylinux2014_x86_64.manylinux_2_24_x86_64.whl", hash = "sha256:8831a2cedcd0f0927f788c5bdf6567d9dc9cc235646a434986a852af1cb54b4b"},
    {file = "ruamel.yaml.clib-0.2.7-cp38-cp38-win32.whl", hash = "sha256:3110a99e0f94a4a3470ff67fc20d3f96c25b13d24c6980ff841e82bafe827cac"},
    {file = "ruamel.yaml.clib-0.2.7-cp38-cp38-win_amd64.whl", hash = "sha256:92460ce908546ab69770b2e576e4f99fbb4ce6ab4b245345a3869a0a0410488f"},
    {file = "ruamel.yaml.clib-0.2.7-cp39-cp39-macosx_10_9_x86_64.whl", hash = "sha256:5bc0667c1eb8f83a3752b71b9c4ba55ef7c7058ae57022dd9b29065186a113d9"},
    {file = "ruamel.yaml.clib-0.2.7-cp39-cp39-macosx_12_0_arm64.whl", hash = "sha256:4a4d8d417868d68b979076a9be6a38c676eca060785abaa6709c7b31593c35d1"},
    {file = "ruamel.yaml.clib-0.2.7-cp39-cp39-manylinux2014_aarch64.whl", hash = "sha256:bf9a6bc4a0221538b1a7de3ed7bca4c93c02346853f44e1cd764be0023cd3640"},
    {file = "ruamel.yaml.clib-0.2.7-cp39-cp39-manylinux_2_17_x86_64.manylinux2014_x86_64.manylinux_2_24_x86_64.whl", hash = "sha256:a7b301ff08055d73223058b5c46c55638917f04d21577c95e00e0c4d79201a6b"},
    {file = "ruamel.yaml.clib-0.2.7-cp39-cp39-win32.whl", hash = "sha256:d5e51e2901ec2366b79f16c2299a03e74ba4531ddcfacc1416639c557aef0ad8"},
    {file = "ruamel.yaml.clib-0.2.7-cp39-cp39-win_amd64.whl", hash = "sha256:184faeaec61dbaa3cace407cffc5819f7b977e75360e8d5ca19461cd851a5fc5"},
    {file = "ruamel.yaml.clib-0.2.7.tar.gz", hash = "sha256:1f08fd5a2bea9c4180db71678e850b995d2a5f4537be0e94557668cf0f5f9497"},
]

[[package]]
name = "spiqa"
version = "0.3.0"
description = "SPack Installation and Query Abstraction"
optional = false
python-versions = ">=3.10,<4.0"
files = [
    {file = "spiqa-0.3.0-py3-none-any.whl", hash = "sha256:458ffe2851592b6e4997e3a2c64904cb710ffd69952b769b419f6ae5dfff255b"},
    {file = "spiqa-0.3.0.tar.gz", hash = "sha256:d0cd9674fb4b0e4d2c92122f35c0708c9f428d5888ddf62bc258a87cfa2abb4e"},
]

[package.dependencies]
click = ">=8.1.6,<9.0.0"
jsonschema = ">=4.18.4,<5.0.0"
pyparsing = ">=3.1.1,<4.0.0"
referencing = ">=0.30.0,<0.31.0"
"ruamel.yaml" = ">=0.17.32,<0.18.0"

[package.source]
type = "legacy"
url = "https://gitlab.com/api/v4/projects/47920083/packages/pypi/simple"
reference = "spiqa"

[[package]]
name = "termcolor"
version = "2.3.0"
description = "ANSI color formatting for output in terminal"
optional = false
python-versions = ">=3.7"
files = [
    {file = "termcolor-2.3.0-py3-none-any.whl", hash = "sha256:3afb05607b89aed0ffe25202399ee0867ad4d3cb4180d98aaf8eefa6a5f7d475"},
    {file = "termcolor-2.3.0.tar.gz", hash = "sha256:b5b08f68937f138fe92f6c089b99f1e2da0ae56c52b78bf7075fd95420fd9a5a"},
]

[package.extras]
tests = ["pytest", "pytest-cov"]

[[package]]
name = "yaspin"
version = "2.5.0"
description = "Yet Another Terminal Spinner"
optional = false
python-versions = ">=3.8.1,<4.0.0"
files = [
    {file = "yaspin-2.5.0-py3-none-any.whl", hash = "sha256:58aaa19330b9eacf86241043342b4040ded75f170240276d963c570263cd8f53"},
    {file = "yaspin-2.5.0.tar.gz", hash = "sha256:f96ab3b5c42e1eaa6af3193508082309d9dc43f6963339f9aa606003ee8d7e63"},
]

[package.dependencies]
termcolor = ">=2.3,<3.0"

[metadata]
lock-version = "2.0"
python-versions = "^3.10"
content-hash = "1b2cc8de7f01ccb94f68492bcfba47863d15dcbc1bfaf995f0e8aaa9ba726fdb"
